{
    "_meta": {
        "hash": {
            "sha256": "49c64c84d589a0a5beabeff65a1d79fb180ea6f5db8489cf41216daff337f7b8"
        },
        "pipfile-spec": 6,
        "requires": {
            "python_version": "3.8"
        },
        "sources": [
            {
                "name": "pypi",
                "url": "https://pypi.org/simple",
                "verify_ssl": true
            }
        ]
    },
    "default": {
        "bidict": {
            "hashes": [
                "sha256:4fa46f7ff96dc244abfc437383d987404ae861df797e2fd5b190e233c302be09",
                "sha256:929d056e8d0d9b17ceda20ba5b24ac388e2a4d39802b87f9f4d3f45ecba070bf"
            ],
            "markers": "python_version >= '3.6'",
            "version": "==0.21.2"
        },
        "cachelib": {
            "hashes": [
                "sha256:2d636c61a45cbcef74f7e6d688badf9a0c9141ece08d2e4e45c4326b3daf8637",
                "sha256:cc1856259f102c9273efa342100f70d9fafbd07b41ce05c501ee28e1dbbb5133"
            ],
            "markers": "python_version >= '3.6'",
            "version": "==0.3.0"
        },
        "certifi": {
            "hashes": [
                "sha256:2bbf76fd432960138b3ef6dda3dde0544f27cbf8546c458e60baf371917ba9ee",
                "sha256:50b1e4f8446b06f41be7dd6338db18e0990601dce795c2b1686458aa7e8fa7d8"
            ],
            "version": "==2021.5.30"
        },
        "cffi": {
            "hashes": [
                "sha256:06c54a68935738d206570b20da5ef2b6b6d92b38ef3ec45c5422c0ebaf338d4d",
                "sha256:0c0591bee64e438883b0c92a7bed78f6290d40bf02e54c5bf0978eaf36061771",
                "sha256:19ca0dbdeda3b2615421d54bef8985f72af6e0c47082a8d26122adac81a95872",
                "sha256:22b9c3c320171c108e903d61a3723b51e37aaa8c81255b5e7ce102775bd01e2c",
                "sha256:26bb2549b72708c833f5abe62b756176022a7b9a7f689b571e74c8478ead51dc",
                "sha256:33791e8a2dc2953f28b8d8d300dde42dd929ac28f974c4b4c6272cb2955cb762",
                "sha256:3c8d896becff2fa653dc4438b54a5a25a971d1f4110b32bd3068db3722c80202",
                "sha256:4373612d59c404baeb7cbd788a18b2b2a8331abcc84c3ba40051fcd18b17a4d5",
                "sha256:487d63e1454627c8e47dd230025780e91869cfba4c753a74fda196a1f6ad6548",
                "sha256:48916e459c54c4a70e52745639f1db524542140433599e13911b2f329834276a",
                "sha256:4922cd707b25e623b902c86188aca466d3620892db76c0bdd7b99a3d5e61d35f",
                "sha256:55af55e32ae468e9946f741a5d51f9896da6b9bf0bbdd326843fec05c730eb20",
                "sha256:57e555a9feb4a8460415f1aac331a2dc833b1115284f7ded7278b54afc5bd218",
                "sha256:5d4b68e216fc65e9fe4f524c177b54964af043dde734807586cf5435af84045c",
                "sha256:64fda793737bc4037521d4899be780534b9aea552eb673b9833b01f945904c2e",
                "sha256:6d6169cb3c6c2ad50db5b868db6491a790300ade1ed5d1da29289d73bbe40b56",
                "sha256:7bcac9a2b4fdbed2c16fa5681356d7121ecabf041f18d97ed5b8e0dd38a80224",
                "sha256:80b06212075346b5546b0417b9f2bf467fea3bfe7352f781ffc05a8ab24ba14a",
                "sha256:818014c754cd3dba7229c0f5884396264d51ffb87ec86e927ef0be140bfdb0d2",
                "sha256:8eb687582ed7cd8c4bdbff3df6c0da443eb89c3c72e6e5dcdd9c81729712791a",
                "sha256:99f27fefe34c37ba9875f224a8f36e31d744d8083e00f520f133cab79ad5e819",
                "sha256:9f3e33c28cd39d1b655ed1ba7247133b6f7fc16fa16887b120c0c670e35ce346",
                "sha256:a8661b2ce9694ca01c529bfa204dbb144b275a31685a075ce123f12331be790b",
                "sha256:a9da7010cec5a12193d1af9872a00888f396aba3dc79186604a09ea3ee7c029e",
                "sha256:aedb15f0a5a5949ecb129a82b72b19df97bbbca024081ed2ef88bd5c0a610534",
                "sha256:b315d709717a99f4b27b59b021e6207c64620790ca3e0bde636a6c7f14618abb",
                "sha256:ba6f2b3f452e150945d58f4badd92310449876c4c954836cfb1803bdd7b422f0",
                "sha256:c33d18eb6e6bc36f09d793c0dc58b0211fccc6ae5149b808da4a62660678b156",
                "sha256:c9a875ce9d7fe32887784274dd533c57909b7b1dcadcc128a2ac21331a9765dd",
                "sha256:c9e005e9bd57bc987764c32a1bee4364c44fdc11a3cc20a40b93b444984f2b87",
                "sha256:d2ad4d668a5c0645d281dcd17aff2be3212bc109b33814bbb15c4939f44181cc",
                "sha256:d950695ae4381ecd856bcaf2b1e866720e4ab9a1498cba61c602e56630ca7195",
                "sha256:e22dcb48709fc51a7b58a927391b23ab37eb3737a98ac4338e2448bef8559b33",
                "sha256:e8c6a99be100371dbb046880e7a282152aa5d6127ae01783e37662ef73850d8f",
                "sha256:e9dc245e3ac69c92ee4c167fbdd7428ec1956d4e754223124991ef29eb57a09d",
                "sha256:eb687a11f0a7a1839719edd80f41e459cc5366857ecbed383ff376c4e3cc6afd",
                "sha256:eb9e2a346c5238a30a746893f23a9535e700f8192a68c07c0258e7ece6ff3728",
                "sha256:ed38b924ce794e505647f7c331b22a693bee1538fdf46b0222c4717b42f744e7",
                "sha256:f0010c6f9d1a4011e429109fda55a225921e3206e7f62a0c22a35344bfd13cca",
                "sha256:f0c5d1acbfca6ebdd6b1e3eded8d261affb6ddcf2186205518f1428b8569bb99",
                "sha256:f10afb1004f102c7868ebfe91c28f4a712227fe4cb24974350ace1f90e1febbf",
                "sha256:f174135f5609428cc6e1b9090f9268f5c8935fddb1b25ccb8255a2d50de6789e",
                "sha256:f3ebe6e73c319340830a9b2825d32eb6d8475c1dac020b4f0aa774ee3b898d1c",
                "sha256:f627688813d0a4140153ff532537fbe4afea5a3dffce1f9deb7f91f848a832b5",
                "sha256:fd4305f86f53dfd8cd3522269ed7fc34856a8ee3709a5e28b2836b2db9d4cd69"
            ],
            "version": "==1.14.6"
        },
        "charset-normalizer": {
            "hashes": [
                "sha256:0c8911edd15d19223366a194a513099a302055a962bca2cec0f54b8b63175d8b",
                "sha256:f23667ebe1084be45f6ae0538e4a5a865206544097e4e8bbcacf42cd02a348f3"
            ],
            "markers": "python_version >= '3'",
            "version": "==2.0.4"
        },
        "click": {
            "hashes": [
                "sha256:8c04c11192119b1ef78ea049e0a6f0463e4c48ef00a30160c704337586f3ad7a",
                "sha256:fba402a4a47334742d782209a7c79bc448911afe1149d07bdabdf480b3e2f4b6"
            ],
            "markers": "python_version >= '3.6'",
            "version": "==8.0.1"
        },
        "contextlib2": {
            "hashes": [
                "sha256:3fbdb64466afd23abaf6c977627b75b6139a5a3e8ce38405c5b413aed7a0471f",
                "sha256:ab1e2bfe1d01d968e1b7e8d9023bc51ef3509bba217bb730cee3827e1ee82869"
            ],
            "markers": "python_version >= '3.6'",
            "version": "==21.6.0"
        },
        "cryptography": {
            "hashes": [
                "sha256:0a7dcbcd3f1913f664aca35d47c1331fce738d44ec34b7be8b9d332151b0b01e",
                "sha256:1eb7bb0df6f6f583dd8e054689def236255161ebbcf62b226454ab9ec663746b",
                "sha256:21ca464b3a4b8d8e86ba0ee5045e103a1fcfac3b39319727bc0fc58c09c6aff7",
                "sha256:34dae04a0dce5730d8eb7894eab617d8a70d0c97da76b905de9efb7128ad7085",
                "sha256:3520667fda779eb788ea00080124875be18f2d8f0848ec00733c0ec3bb8219fc",
                "sha256:3fa3a7ccf96e826affdf1a0a9432be74dc73423125c8f96a909e3835a5ef194a",
                "sha256:5b0fbfae7ff7febdb74b574055c7466da334a5371f253732d7e2e7525d570498",
                "sha256:8695456444f277af73a4877db9fc979849cd3ee74c198d04fc0776ebc3db52b9",
                "sha256:94cc5ed4ceaefcbe5bf38c8fba6a21fc1d365bb8fb826ea1688e3370b2e24a1c",
                "sha256:94fff993ee9bc1b2440d3b7243d488c6a3d9724cc2b09cdb297f6a886d040ef7",
                "sha256:9965c46c674ba8cc572bc09a03f4c649292ee73e1b683adb1ce81e82e9a6a0fb",
                "sha256:a00cf305f07b26c351d8d4e1af84ad7501eca8a342dedf24a7acb0e7b7406e14",
                "sha256:a305600e7a6b7b855cd798e00278161b681ad6e9b7eca94c721d5f588ab212af",
                "sha256:cd65b60cfe004790c795cc35f272e41a3df4631e2fb6b35aa7ac6ef2859d554e",
                "sha256:d2a6e5ef66503da51d2110edf6c403dc6b494cc0082f85db12f54e9c5d4c3ec5",
                "sha256:d9ec0e67a14f9d1d48dd87a2531009a9b251c02ea42851c060b25c782516ff06",
                "sha256:f44d141b8c4ea5eb4dbc9b3ad992d45580c1d22bf5e24363f2fbf50c2d7ae8a7"
            ],
            "version": "==3.4.8"
        },
        "dnspython": {
            "hashes": [
                "sha256:36c5e8e38d4369a08b6780b7f27d790a292b2b08eea01607865bf0936c558e01",
                "sha256:f69c21288a962f4da86e56c4905b49d11aba7938d3d740e80d9e366ee4f1632d"
            ],
            "markers": "python_version >= '2.7' and python_version not in '3.0, 3.1, 3.2, 3.3'",
            "version": "==1.16.0"
        },
        "eventlet": {
            "hashes": [
                "sha256:1811b122d9a45eb5bafba092d36911bca825f835cb648a862bbf984030acff9d",
                "sha256:89cc6dbfef47c4629cefead5fde21c5f2b33464d57f7df5fc5148f8b4de3fbb5"
            ],
            "index": "pypi",
            "version": "==0.30.2"
        },
        "flask": {
            "hashes": [
                "sha256:1c4c257b1892aec1398784c63791cbaa43062f1f7aeb555c4da961b20ee68f55",
                "sha256:a6209ca15eb63fc9385f38e452704113d679511d9574d09b2cf9183ae7d20dc9"
            ],
            "markers": "python_version >= '3.6'",
            "version": "==2.0.1"
        },
        "flask-cors": {
            "hashes": [
                "sha256:74efc975af1194fc7891ff5cd85b0f7478be4f7f59fe158102e91abb72bb4438",
                "sha256:b60839393f3b84a0f3746f6cdca56c1ad7426aa738b70d6c61375857823181de"
            ],
            "index": "pypi",
            "version": "==3.0.10"
        },
        "flask-login": {
            "hashes": [
                "sha256:6d33aef15b5bcead780acc339464aae8a6e28f13c90d8b1cf9de8b549d1c0b4b",
                "sha256:7451b5001e17837ba58945aead261ba425fdf7b4f0448777e597ddab39f4fba0"
            ],
            "index": "pypi",
            "version": "==0.5.0"
        },
        "flask-opentracing": {
            "hashes": [
                "sha256:a9a39d367fbe7e9ed9c77b90ac48159c1a3e82982a5abf84d3f4d710d24580ac"
            ],
            "index": "pypi",
            "version": "==1.1.0"
        },
        "flask-session": {
            "hashes": [
                "sha256:1e3f8a317005db72c831f85d884a5a9d23145f256c730d80b325a3150a22c3db",
                "sha256:c9ed54321fa8c4ca0132ffd3369582759eda7252fb4b3bee480e690d1ba41f46"
            ],
            "index": "pypi",
            "version": "==0.4.0"
        },
        "flask-socketio": {
            "hashes": [
                "sha256:07e1899e3b4851978b2ac8642080156c6294f8d0fc5212b4e4bcca713830306a",
                "sha256:1efdaacc7a26e94f2b197a80079b1058f6aa644a6094c0a322349e2b9c41f6b1"
            ],
            "index": "pypi",
            "version": "==5.1.1"
        },
        "future": {
            "hashes": [
                "sha256:b1bead90b70cf6ec3f0710ae53a525360fa360d306a86583adc6bf83a4db537d"
            ],
            "markers": "python_version >= '2.6' and python_version not in '3.0, 3.1, 3.2, 3.3'",
            "version": "==0.18.2"
        },
        "greenlet": {
            "hashes": [
                "sha256:04e1849c88aa56584d4a0a6e36af5ec7cc37993fdc1fda72b56aa1394a92ded3",
                "sha256:05e72db813c28906cdc59bd0da7c325d9b82aa0b0543014059c34c8c4ad20e16",
                "sha256:07e6d88242e09b399682b39f8dfa1e7e6eca66b305de1ff74ed9eb1a7d8e539c",
                "sha256:090126004c8ab9cd0787e2acf63d79e80ab41a18f57d6448225bbfcba475034f",
                "sha256:1796f2c283faab2b71c67e9b9aefb3f201fdfbee5cb55001f5ffce9125f63a45",
                "sha256:2f89d74b4f423e756a018832cd7a0a571e0a31b9ca59323b77ce5f15a437629b",
                "sha256:34e6675167a238bede724ee60fe0550709e95adaff6a36bcc97006c365290384",
                "sha256:3e594015a2349ec6dcceda9aca29da8dc89e85b56825b7d1f138a3f6bb79dd4c",
                "sha256:3f8fc59bc5d64fa41f58b0029794f474223693fd00016b29f4e176b3ee2cfd9f",
                "sha256:3fc6a447735749d651d8919da49aab03c434a300e9f0af1c886d560405840fd1",
                "sha256:40abb7fec4f6294225d2b5464bb6d9552050ded14a7516588d6f010e7e366dcc",
                "sha256:44556302c0ab376e37939fd0058e1f0db2e769580d340fb03b01678d1ff25f68",
                "sha256:476ba9435afaead4382fbab8f1882f75e3fb2285c35c9285abb3dd30237f9142",
                "sha256:4870b018ca685ff573edd56b93f00a122f279640732bb52ce3a62b73ee5c4a92",
                "sha256:4adaf53ace289ced90797d92d767d37e7cdc29f13bd3830c3f0a561277a4ae83",
                "sha256:4eae94de9924bbb4d24960185363e614b1b62ff797c23dc3c8a7c75bbb8d187e",
                "sha256:5317701c7ce167205c0569c10abc4bd01c7f4cf93f642c39f2ce975fa9b78a3c",
                "sha256:5c3b735ccf8fc8048664ee415f8af5a3a018cc92010a0d7195395059b4b39b7d",
                "sha256:5cde7ee190196cbdc078511f4df0be367af85636b84d8be32230f4871b960687",
                "sha256:655ab836324a473d4cd8cf231a2d6f283ed71ed77037679da554e38e606a7117",
                "sha256:6ce9d0784c3c79f3e5c5c9c9517bbb6c7e8aa12372a5ea95197b8a99402aa0e6",
                "sha256:6e0696525500bc8aa12eae654095d2260db4dc95d5c35af2b486eae1bf914ccd",
                "sha256:75ff270fd05125dce3303e9216ccddc541a9e072d4fc764a9276d44dee87242b",
                "sha256:8039f5fe8030c43cd1732d9a234fdcbf4916fcc32e21745ca62e75023e4d4649",
                "sha256:84488516639c3c5e5c0e52f311fff94ebc45b56788c2a3bfe9cf8e75670f4de3",
                "sha256:84782c80a433d87530ae3f4b9ed58d4a57317d9918dfcc6a59115fa2d8731f2c",
                "sha256:8ddb38fb6ad96c2ef7468ff73ba5c6876b63b664eebb2c919c224261ae5e8378",
                "sha256:98b491976ed656be9445b79bc57ed21decf08a01aaaf5fdabf07c98c108111f6",
                "sha256:990e0f5e64bcbc6bdbd03774ecb72496224d13b664aa03afd1f9b171a3269272",
                "sha256:9b02e6039eafd75e029d8c58b7b1f3e450ca563ef1fe21c7e3e40b9936c8d03e",
                "sha256:a11b6199a0b9dc868990456a2667167d0ba096c5224f6258e452bfbe5a9742c5",
                "sha256:a414f8e14aa7bacfe1578f17c11d977e637d25383b6210587c29210af995ef04",
                "sha256:a91ee268f059583176c2c8b012a9fce7e49ca6b333a12bbc2dd01fc1a9783885",
                "sha256:ac991947ca6533ada4ce7095f0e28fe25d5b2f3266ad5b983ed4201e61596acf",
                "sha256:b050dbb96216db273b56f0e5960959c2b4cb679fe1e58a0c3906fa0a60c00662",
                "sha256:b97a807437b81f90f85022a9dcfd527deea38368a3979ccb49d93c9198b2c722",
                "sha256:bad269e442f1b7ffa3fa8820b3c3aa66f02a9f9455b5ba2db5a6f9eea96f56de",
                "sha256:bf3725d79b1ceb19e83fb1aed44095518c0fcff88fba06a76c0891cfd1f36837",
                "sha256:c0f22774cd8294078bdf7392ac73cf00bfa1e5e0ed644bd064fdabc5f2a2f481",
                "sha256:c1862f9f1031b1dee3ff00f1027fcd098ffc82120f43041fe67804b464bbd8a7",
                "sha256:c8d4ed48eed7414ccb2aaaecbc733ed2a84c299714eae3f0f48db085342d5629",
                "sha256:cf31e894dabb077a35bbe6963285d4515a387ff657bd25b0530c7168e48f167f",
                "sha256:d15cb6f8706678dc47fb4e4f8b339937b04eda48a0af1cca95f180db552e7663",
                "sha256:dfcb5a4056e161307d103bc013478892cfd919f1262c2bb8703220adcb986362",
                "sha256:e02780da03f84a671bb4205c5968c120f18df081236d7b5462b380fd4f0b497b",
                "sha256:e2002a59453858c7f3404690ae80f10c924a39f45f6095f18a985a1234c37334",
                "sha256:e22a82d2b416d9227a500c6860cf13e74060cf10e7daf6695cbf4e6a94e0eee4",
                "sha256:e41f72f225192d5d4df81dad2974a8943b0f2d664a2a5cfccdf5a01506f5523c",
                "sha256:f253dad38605486a4590f9368ecbace95865fea0f2b66615d121ac91fd1a1563",
                "sha256:fddfb31aa2ac550b938d952bca8a87f1db0f8dc930ffa14ce05b5c08d27e7fd1"
            ],
            "markers": "python_version >= '2.7' and python_version not in '3.0, 3.1, 3.2, 3.3, 3.4'",
            "version": "==1.1.1"
        },
        "idna": {
            "hashes": [
                "sha256:14475042e284991034cb48e06f6851428fb14c4dc953acd9be9a5e95c7b6dd7a",
                "sha256:467fbad99067910785144ce333826c71fb0e63a425657295239737f7ecd125f3"
            ],
            "markers": "python_version >= '3'",
            "version": "==3.2"
        },
        "itsdangerous": {
            "hashes": [
                "sha256:5174094b9637652bdb841a3029700391451bd092ba3db90600dea710ba28e97c",
                "sha256:9e724d68fc22902a1435351f84c3fb8623f303fffcc566a4cb952df8c572cff0"
            ],
            "markers": "python_version >= '3.6'",
            "version": "==2.0.1"
        },
        "jaeger-client": {
            "hashes": [
                "sha256:7b8490cb7e8e4b2eef93dd3130f5d872381c137f5a866f6f1690cc73d9521b4d"
            ],
            "index": "pypi",
            "version": "==4.6.0"
        },
        "jinja2": {
            "hashes": [
                "sha256:1f06f2da51e7b56b8f238affdd6b4e2c61e39598a378cc49345bc1bd42a978a4",
                "sha256:703f484b47a6af502e743c9122595cc812b0271f661722403114f71a79d0f5a4"
            ],
            "markers": "python_version >= '3.6'",
            "version": "==3.0.1"
        },
        "markupsafe": {
            "hashes": [
                "sha256:01a9b8ea66f1658938f65b93a85ebe8bc016e6769611be228d797c9d998dd298",
                "sha256:023cb26ec21ece8dc3907c0e8320058b2e0cb3c55cf9564da612bc325bed5e64",
                "sha256:0446679737af14f45767963a1a9ef7620189912317d095f2d9ffa183a4d25d2b",
                "sha256:0717a7390a68be14b8c793ba258e075c6f4ca819f15edfc2a3a027c823718567",
                "sha256:0955295dd5eec6cb6cc2fe1698f4c6d84af2e92de33fbcac4111913cd100a6ff",
                "sha256:0d4b31cc67ab36e3392bbf3862cfbadac3db12bdd8b02a2731f509ed5b829724",
                "sha256:10f82115e21dc0dfec9ab5c0223652f7197feb168c940f3ef61563fc2d6beb74",
                "sha256:168cd0a3642de83558a5153c8bd34f175a9a6e7f6dc6384b9655d2697312a646",
                "sha256:1d609f577dc6e1aa17d746f8bd3c31aa4d258f4070d61b2aa5c4166c1539de35",
                "sha256:1f2ade76b9903f39aa442b4aadd2177decb66525062db244b35d71d0ee8599b6",
                "sha256:2a7d351cbd8cfeb19ca00de495e224dea7e7d919659c2841bbb7f420ad03e2d6",
                "sha256:2d7d807855b419fc2ed3e631034685db6079889a1f01d5d9dac950f764da3dad",
                "sha256:2ef54abee730b502252bcdf31b10dacb0a416229b72c18b19e24a4509f273d26",
                "sha256:36bc903cbb393720fad60fc28c10de6acf10dc6cc883f3e24ee4012371399a38",
                "sha256:37205cac2a79194e3750b0af2a5720d95f786a55ce7df90c3af697bfa100eaac",
                "sha256:3c112550557578c26af18a1ccc9e090bfe03832ae994343cfdacd287db6a6ae7",
                "sha256:3dd007d54ee88b46be476e293f48c85048603f5f516008bee124ddd891398ed6",
                "sha256:47ab1e7b91c098ab893b828deafa1203de86d0bc6ab587b160f78fe6c4011f75",
                "sha256:49e3ceeabbfb9d66c3aef5af3a60cc43b85c33df25ce03d0031a608b0a8b2e3f",
                "sha256:4efca8f86c54b22348a5467704e3fec767b2db12fc39c6d963168ab1d3fc9135",
                "sha256:53edb4da6925ad13c07b6d26c2a852bd81e364f95301c66e930ab2aef5b5ddd8",
                "sha256:5855f8438a7d1d458206a2466bf82b0f104a3724bf96a1c781ab731e4201731a",
                "sha256:594c67807fb16238b30c44bdf74f36c02cdf22d1c8cda91ef8a0ed8dabf5620a",
                "sha256:5bb28c636d87e840583ee3adeb78172efc47c8b26127267f54a9c0ec251d41a9",
                "sha256:60bf42e36abfaf9aff1f50f52644b336d4f0a3fd6d8a60ca0d054ac9f713a864",
                "sha256:611d1ad9a4288cf3e3c16014564df047fe08410e628f89805e475368bd304914",
                "sha256:6557b31b5e2c9ddf0de32a691f2312a32f77cd7681d8af66c2692efdbef84c18",
                "sha256:693ce3f9e70a6cf7d2fb9e6c9d8b204b6b39897a2c4a1aa65728d5ac97dcc1d8",
                "sha256:6a7fae0dd14cf60ad5ff42baa2e95727c3d81ded453457771d02b7d2b3f9c0c2",
                "sha256:6c4ca60fa24e85fe25b912b01e62cb969d69a23a5d5867682dd3e80b5b02581d",
                "sha256:6fcf051089389abe060c9cd7caa212c707e58153afa2c649f00346ce6d260f1b",
                "sha256:7d91275b0245b1da4d4cfa07e0faedd5b0812efc15b702576d103293e252af1b",
                "sha256:905fec760bd2fa1388bb5b489ee8ee5f7291d692638ea5f67982d968366bef9f",
                "sha256:97383d78eb34da7e1fa37dd273c20ad4320929af65d156e35a5e2d89566d9dfb",
                "sha256:984d76483eb32f1bcb536dc27e4ad56bba4baa70be32fa87152832cdd9db0833",
                "sha256:99df47edb6bda1249d3e80fdabb1dab8c08ef3975f69aed437cb69d0a5de1e28",
                "sha256:a30e67a65b53ea0a5e62fe23682cfe22712e01f453b95233b25502f7c61cb415",
                "sha256:ab3ef638ace319fa26553db0624c4699e31a28bb2a835c5faca8f8acf6a5a902",
                "sha256:add36cb2dbb8b736611303cd3bfcee00afd96471b09cda130da3581cbdc56a6d",
                "sha256:b2f4bf27480f5e5e8ce285a8c8fd176c0b03e93dcc6646477d4630e83440c6a9",
                "sha256:b7f2d075102dc8c794cbde1947378051c4e5180d52d276987b8d28a3bd58c17d",
                "sha256:baa1a4e8f868845af802979fcdbf0bb11f94f1cb7ced4c4b8a351bb60d108145",
                "sha256:be98f628055368795d818ebf93da628541e10b75b41c559fdf36d104c5787066",
                "sha256:bf5d821ffabf0ef3533c39c518f3357b171a1651c1ff6827325e4489b0e46c3c",
                "sha256:c47adbc92fc1bb2b3274c4b3a43ae0e4573d9fbff4f54cd484555edbf030baf1",
                "sha256:d7f9850398e85aba693bb640262d3611788b1f29a79f0c93c565694658f4071f",
                "sha256:d8446c54dc28c01e5a2dbac5a25f071f6653e6e40f3a8818e8b45d790fe6ef53",
                "sha256:e0f138900af21926a02425cf736db95be9f4af72ba1bb21453432a07f6082134",
                "sha256:e9936f0b261d4df76ad22f8fee3ae83b60d7c3e871292cd42f40b81b70afae85",
                "sha256:f5653a225f31e113b152e56f154ccbe59eeb1c7487b39b9d9f9cdb58e6c79dc5",
                "sha256:f826e31d18b516f653fe296d967d700fddad5901ae07c622bb3705955e1faa94",
                "sha256:f8ba0e8349a38d3001fae7eadded3f6606f0da5d748ee53cc1dab1d6527b9509",
                "sha256:f9081981fe268bd86831e5c75f7de206ef275defcb82bc70740ae6dc507aee51",
                "sha256:fa130dd50c57d53368c9d59395cb5526eda596d3ffe36666cd81a44d56e48872"
            ],
            "markers": "python_version >= '3.6'",
            "version": "==2.0.1"
        },
        "msgpack": {
            "hashes": [
                "sha256:0cb94ee48675a45d3b86e61d13c1e6f1696f0183f0715544976356ff86f741d9",
                "sha256:1026dcc10537d27dd2d26c327e552f05ce148977e9d7b9f1718748281b38c841",
                "sha256:26a1759f1a88df5f1d0b393eb582ec022326994e311ba9c5818adc5374736439",
                "sha256:2a5866bdc88d77f6e1370f82f2371c9bc6fc92fe898fa2dec0c5d4f5435a2694",
                "sha256:31c17bbf2ae5e29e48d794c693b7ca7a0c73bd4280976d408c53df421e838d2a",
                "sha256:497d2c12426adcd27ab83144057a705efb6acc7e85957a51d43cdcf7f258900f",
                "sha256:5a9ee2540c78659a1dd0b110f73773533ee3108d4e1219b5a15a8d635b7aca0e",
                "sha256:8521e5be9e3b93d4d5e07cb80b7e32353264d143c1f072309e1863174c6aadb1",
                "sha256:87869ba567fe371c4555d2e11e4948778ab6b59d6cc9d8460d543e4cfbbddd1c",
                "sha256:8ffb24a3b7518e843cd83538cf859e026d24ec41ac5721c18ed0c55101f9775b",
                "sha256:92be4b12de4806d3c36810b0fe2aeedd8d493db39e2eb90742b9c09299eb5759",
                "sha256:9ea52fff0473f9f3000987f313310208c879493491ef3ccf66268eff8d5a0326",
                "sha256:a4355d2193106c7aa77c98fc955252a737d8550320ecdb2e9ac701e15e2943bc",
                "sha256:a99b144475230982aee16b3d249170f1cccebf27fb0a08e9f603b69637a62192",
                "sha256:ac25f3e0513f6673e8b405c3a80500eb7be1cf8f57584be524c4fa78fe8e0c83",
                "sha256:b28c0876cce1466d7c2195d7658cf50e4730667196e2f1355c4209444717ee06",
                "sha256:b55f7db883530b74c857e50e149126b91bb75d35c08b28db12dcb0346f15e46e",
                "sha256:b6d9e2dae081aa35c44af9c4298de4ee72991305503442a5c74656d82b581fe9",
                "sha256:c747c0cc08bd6d72a586310bda6ea72eeb28e7505990f342552315b229a19b33",
                "sha256:d6c64601af8f3893d17ec233237030e3110f11b8a962cb66720bf70c0141aa54",
                "sha256:d8167b84af26654c1124857d71650404336f4eb5cc06900667a493fc619ddd9f",
                "sha256:de6bd7990a2c2dabe926b7e62a92886ccbf809425c347ae7de277067f97c2887",
                "sha256:e36a812ef4705a291cdb4a2fd352f013134f26c6ff63477f20235138d1d21009",
                "sha256:e89ec55871ed5473a041c0495b7b4e6099f6263438e0bd04ccd8418f92d5d7f2",
                "sha256:f3e6aaf217ac1c7ce1563cf52a2f4f5d5b1f64e8729d794165db71da57257f0c",
                "sha256:f484cd2dca68502de3704f056fa9b318c94b1539ed17a4c784266df5d6978c87",
                "sha256:fae04496f5bc150eefad4e9571d1a76c55d021325dcd484ce45065ebbdd00984",
                "sha256:fe07bc6735d08e492a327f496b7850e98cb4d112c56df69b0c844dbebcbb47f6"
            ],
            "version": "==1.0.2"
        },
        "opentracing": {
            "hashes": [
                "sha256:a173117e6ef580d55874734d1fa7ecb6f3655160b8b8974a2a1e98e5ec9c840d"
            ],
            "version": "==2.4.0"
        },
        "opentracing-instrumentation": {
            "hashes": [
                "sha256:ae9b48a5b6e47189887fff9785230b13141659bb3bf3e2700e4c7470ae5d27b4",
                "sha256:d94801aebab95b7e8f3eeb80ee0e5e886ad4f1761bcadff9b5d1d3d04560c04a"
            ],
            "index": "pypi",
            "version": "==3.3.1"
        },
        "prometheus-client": {
            "hashes": [
                "sha256:3a8baade6cb80bcfe43297e33e7623f3118d660d41387593758e2fb1ea173a86",
                "sha256:b014bc76815eb1399da8ce5fc84b7717a3e63652b0c0f8804092c9363acab1b2"
            ],
            "markers": "python_version >= '2.7' and python_version not in '3.0, 3.1, 3.2, 3.3'",
            "version": "==0.11.0"
        },
        "prometheus-flask-exporter": {
            "hashes": [
                "sha256:fc487e385d95cb5efd045d6a315c4ecf68c42661e7bfde0526af75ed3c4f8c1b"
            ],
            "index": "pypi",
            "version": "==0.18.2"
        },
        "pycparser": {
            "hashes": [
                "sha256:2d475327684562c3a96cc71adf7dc8c4f0565175cf86b6d7a404ff4c771f15f0",
                "sha256:7582ad22678f0fcd81102833f60ef8d0e57288b6b5fb00323d101be910e35705"
            ],
            "markers": "python_version >= '2.7' and python_version not in '3.0, 3.1, 3.2, 3.3'",
            "version": "==2.20"
        },
        "pyjwt": {
            "extras": [
                "crypto"
            ],
            "hashes": [
                "sha256:934d73fbba91b0483d3857d1aff50e96b2a892384ee2c17417ed3203f173fca1",
                "sha256:fba44e7898bbca160a2b2b501f492824fc8382485d3a6f11ba5d0c1937ce6130"
            ],
            "index": "pypi",
            "version": "==2.1.0"
        },
        "pylru": {
            "hashes": [
                "sha256:492f934bb98dc6c8b2370c02c95c65516ddc08c8f64d27f70087eb038621d297"
            ],
            "version": "==1.2.0"
        },
        "python-dotenv": {
            "hashes": [
                "sha256:aae25dc1ebe97c420f50b81fb0e5c949659af713f31fdb63c749ca68748f34b1",
                "sha256:f521bc2ac9a8e03c736f62911605c5d83970021e3fa95b37d769e2bbbe9b6172"
            ],
            "index": "pypi",
            "version": "==0.19.0"
        },
        "python-engineio": {
            "hashes": [
                "sha256:d510329b6d8ed5662547862f58bc73659ae62defa66b66d745ba021de112fa62",
                "sha256:f3ef9a2c048d08990f294c5f8991f6f162c3b12ecbd368baa0d90441de907d1c"
            ],
            "markers": "python_version >= '3.6'",
            "version": "==4.2.1"
        },
        "python-socketio": {
            "hashes": [
                "sha256:7ed57f6c024abdfeb9b25c74c0c00ffc18da47d903e8d72deecb87584370d1fc",
                "sha256:ca807c9e1f168e96dea412d64dd834fb47c470d27fd83da0504aa4b248ba2544"
            ],
            "markers": "python_version >= '3.6'",
            "version": "==5.4.0"
        },
        "redis": {
            "hashes": [
                "sha256:0e7e0cfca8660dea8b7d5cd8c4f6c5e29e11f31158c0b0ae91a397f00e5a05a2",
                "sha256:432b788c4530cfe16d8d943a09d40ca6c16149727e4afe8c2c9d5580c59d9f24"
            ],
            "markers": "python_version >= '2.7' and python_version not in '3.0, 3.1, 3.2, 3.3, 3.4'",
            "version": "==3.5.3"
        },
        "redis-pubsub-dict": {
            "hashes": [
                "sha256:7229c21e8cb12838d66bc923dffdd54e15f009b0b8816f5ab7564b5d93b664c9"
            ],
            "index": "pypi",
            "version": "==0.0.2"
        },
        "redis-py-cluster": {
            "hashes": [
                "sha256:38f08850fde469ffd76bced7309721114acc487e52b76f374a0502c34c69b4ec",
                "sha256:686042b76bf58b7ba8c938826d0840186bec274de85a957e9170db38e3387223"
            ],
            "index": "pypi",
            "version": "==2.1.3"
        },
        "requests": {
            "hashes": [
                "sha256:6c1246513ecd5ecd4528a0906f910e8f0f9c6b8ec72030dc9fd154dc1a6efd24",
                "sha256:b8aa58f8cf793ffd8782d3d8cb19e66ef36f7aba4353eec859e74678b01b07a7"
            ],
            "index": "pypi",
            "version": "==2.26.0"
        },
        "six": {
            "hashes": [
                "sha256:1e61c37477a1626458e36f7b1d82aa5c9b094fa4802892072e49de9c60c4c926",
                "sha256:8abb2f1d86890a2dfb989f9a77cfcfd3e47c2a354b01111771326f8aa26e0254"
            ],
            "markers": "python_version >= '2.7' and python_version not in '3.0, 3.1, 3.2, 3.3'",
            "version": "==1.16.0"
        },
        "threadloop": {
            "hashes": [
                "sha256:5c90dbefab6ffbdba26afb4829d2a9df8275d13ac7dc58dccb0e279992679599",
                "sha256:8b180aac31013de13c2ad5c834819771992d350267bddb854613ae77ef571944"
            ],
            "version": "==1.0.2"
        },
        "thrift": {
            "hashes": [
                "sha256:9af1c86bf73433afc6010ed376a6c6aca2b54099cc0d61895f640870a9ae7d89"
            ],
            "version": "==0.13.0"
        },
        "tornado": {
            "hashes": [
                "sha256:0662d28b1ca9f67108c7e3b77afabfb9c7e87bde174fbda78186ecedc2499a9d",
                "sha256:4e5158d97583502a7e2739951553cbd88a72076f152b4b11b64b9a10c4c49409",
                "sha256:732e836008c708de2e89a31cb2fa6c0e5a70cb60492bee6f1ea1047500feaf7f",
                "sha256:8154ec22c450df4e06b35f131adc4f2f3a12ec85981a203301d310abf580500f",
                "sha256:8e9d728c4579682e837c92fdd98036bd5cdefa1da2aaf6acf26947e6dd0c01c5",
                "sha256:d4b3e5329f572f055b587efc57d29bd051589fb5a43ec8898c77a47ec2fa2bbb",
                "sha256:e5f2585afccbff22390cddac29849df463b252b711aa2ce7c5f3f342a5b3b444"
            ],
            "markers": "python_version >= '2.7' and python_version not in '3.0, 3.1, 3.2, 3.3'",
            "version": "==5.1.1"
        },
        "urllib3": {
            "hashes": [
                "sha256:39fb8672126159acb139a7718dd10806104dec1e2f0f6c88aab05d17df10c8d4",
                "sha256:f57b4c16c62fa2760b7e3d97c35b255512fb6b59a259730f36ba32ce9f8e342f"
            ],
            "markers": "python_version >= '2.7' and python_version not in '3.0, 3.1, 3.2, 3.3, 3.4' and python_version < '4'",
            "version": "==1.26.6"
        },
        "werkzeug": {
            "hashes": [
                "sha256:1de1db30d010ff1af14a009224ec49ab2329ad2cde454c8a708130642d579c42",
                "sha256:6c1ec500dcdba0baa27600f6a22f6333d8b662d22027ff9f6202e3367413caa8"
            ],
            "markers": "python_version >= '3.6'",
            "version": "==2.0.1"
        },
        "wrapt": {
            "hashes": [
                "sha256:b62ffa81fb85f4332a4f609cab4ac40709470da05643a082ec1eb88e6d9b97d7"
            ],
            "version": "==1.12.1"
        }
    },
    "develop": {
        "appdirs": {
            "hashes": [
                "sha256:7d5d0167b2b1ba821647616af46a749d1c653740dd0d2415100fe26e27afdf41",
                "sha256:a841dacd6b99318a741b166adb07e19ee71a274450e68237b4650ca1055ab128"
            ],
            "version": "==1.4.4"
        },
        "black": {
            "hashes": [
                "sha256:1c02557aa099101b9d21496f8a914e9ed2222ef70336404eeeac8edba836fbea"
            ],
            "index": "pypi",
            "version": "==20.8b1"
        },
        "click": {
            "hashes": [
                "sha256:8c04c11192119b1ef78ea049e0a6f0463e4c48ef00a30160c704337586f3ad7a",
                "sha256:fba402a4a47334742d782209a7c79bc448911afe1149d07bdabdf480b3e2f4b6"
            ],
            "markers": "python_version >= '3.6'",
            "version": "==8.0.1"
        },
        "mypy-extensions": {
            "hashes": [
                "sha256:090fedd75945a69ae91ce1303b5824f428daf5a028d2f6ab8a299250a846f15d",
                "sha256:2d82818f5bb3e369420cb3c4060a7970edba416647068eb4c5343488a6c604a8"
            ],
            "version": "==0.4.3"
        },
        "pathspec": {
            "hashes": [
                "sha256:7d15c4ddb0b5c802d161efc417ec1a2558ea2653c2e8ad9c19098201dc1c993a",
                "sha256:e564499435a2673d586f6b2130bb5b95f04a3ba06f81b8f895b651a3c76aabb1"
            ],
            "version": "==0.9.0"
        },
        "regex": {
            "hashes": [
                "sha256:03840a07a402576b8e3a6261f17eb88abd653ad4e18ec46ef10c9a63f8c99ebd",
                "sha256:06ba444bbf7ede3890a912bd4904bb65bf0da8f0d8808b90545481362c978642",
                "sha256:1f9974826aeeda32a76648fc677e3125ade379869a84aa964b683984a2dea9f1",
                "sha256:330836ad89ff0be756b58758878409f591d4737b6a8cef26a162e2a4961c3321",
                "sha256:38600fd58c2996829480de7d034fb2d3a0307110e44dae80b6b4f9b3d2eea529",
                "sha256:3a195e26df1fbb40ebee75865f9b64ba692a5824ecb91c078cc665b01f7a9a36",
                "sha256:41acdd6d64cd56f857e271009966c2ffcbd07ec9149ca91f71088574eaa4278a",
                "sha256:45f97ade892ace20252e5ccecdd7515c7df5feeb42c3d2a8b8c55920c3551c30",
                "sha256:4b0c211c55d4aac4309c3209833c803fada3fc21cdf7b74abedda42a0c9dc3ce",
                "sha256:5d5209c3ba25864b1a57461526ebde31483db295fc6195fdfc4f8355e10f7376",
                "sha256:615fb5a524cffc91ab4490b69e10ae76c1ccbfa3383ea2fad72e54a85c7d47dd",
                "sha256:61e734c2bcb3742c3f454dfa930ea60ea08f56fd1a0eb52d8cb189a2f6be9586",
                "sha256:640ccca4d0a6fcc6590f005ecd7b16c3d8f5d52174e4854f96b16f34c39d6cb7",
                "sha256:6dbd51c3db300ce9d3171f4106da18fe49e7045232630fe3d4c6e37cb2b39ab9",
                "sha256:71a904da8c9c02aee581f4452a5a988c3003207cb8033db426f29e5b2c0b7aea",
                "sha256:8021dee64899f993f4b5cca323aae65aabc01a546ed44356a0965e29d7893c94",
                "sha256:8b8d551f1bd60b3e1c59ff55b9e8d74607a5308f66e2916948cafd13480b44a3",
                "sha256:93f9f720081d97acee38a411e861d4ce84cbc8ea5319bc1f8e38c972c47af49f",
                "sha256:96f0c79a70642dfdf7e6a018ebcbea7ea5205e27d8e019cad442d2acfc9af267",
                "sha256:9966337353e436e6ba652814b0a957a517feb492a98b8f9d3b6ba76d22301dcc",
                "sha256:a34ba9e39f8269fd66ab4f7a802794ffea6d6ac500568ec05b327a862c21ce23",
                "sha256:a49f85f0a099a5755d0a2cc6fc337e3cb945ad6390ec892332c691ab0a045882",
                "sha256:a795829dc522227265d72b25d6ee6f6d41eb2105c15912c230097c8f5bfdbcdc",
                "sha256:a89ca4105f8099de349d139d1090bad387fe2b208b717b288699ca26f179acbe",
                "sha256:ac95101736239260189f426b1e361dc1b704513963357dc474beb0f39f5b7759",
                "sha256:ae87ab669431f611c56e581679db33b9a467f87d7bf197ac384e71e4956b4456",
                "sha256:b091dcfee169ad8de21b61eb2c3a75f9f0f859f851f64fdaf9320759a3244239",
                "sha256:b511c6009d50d5c0dd0bab85ed25bc8ad6b6f5611de3a63a59786207e82824bb",
                "sha256:b79dc2b2e313565416c1e62807c7c25c67a6ff0a0f8d83a318df464555b65948",
                "sha256:bca14dfcfd9aae06d7d8d7e105539bd77d39d06caaae57a1ce945670bae744e0",
                "sha256:c835c30f3af5c63a80917b72115e1defb83de99c73bc727bddd979a3b449e183",
                "sha256:ccd721f1d4fc42b541b633d6e339018a08dd0290dc67269df79552843a06ca92",
                "sha256:d6c2b1d78ceceb6741d703508cd0e9197b34f6bf6864dab30f940f8886e04ade",
                "sha256:d6ec4ae13760ceda023b2e5ef1f9bc0b21e4b0830458db143794a117fdbdc044",
                "sha256:d8b623fc429a38a881ab2d9a56ef30e8ea20c72a891c193f5ebbddc016e083ee",
                "sha256:ea9753d64cba6f226947c318a923dadaf1e21cd8db02f71652405263daa1f033",
                "sha256:ebbceefbffae118ab954d3cd6bf718f5790db66152f95202ebc231d58ad4e2c2",
                "sha256:ecb6e7c45f9cd199c10ec35262b53b2247fb9a408803ed00ee5bb2b54aa626f5",
                "sha256:ef9326c64349e2d718373415814e754183057ebc092261387a2c2f732d9172b2",
                "sha256:f93a9d8804f4cec9da6c26c8cfae2c777028b4fdd9f49de0302e26e00bb86504",
                "sha256:faf08b0341828f6a29b8f7dd94d5cf8cc7c39bfc3e67b78514c54b494b66915a"
            ],
            "version": "==2021.8.21"
        },
        "toml": {
            "hashes": [
                "sha256:806143ae5bfb6a3c6e736a764057db0e6a0e05e338b5630894a5f779cabb4f9b",
                "sha256:b3bda1d108d5dd99f4a20d24d9c348e91c4db7ab1b749200bded2f839ccbe68f"
            ],
            "markers": "python_version >= '2.6' and python_version not in '3.0, 3.1, 3.2, 3.3'",
            "version": "==0.10.2"
        },
        "typed-ast": {
            "hashes": [
                "sha256:01ae5f73431d21eead5015997ab41afa53aa1fbe252f9da060be5dad2c730ace",
                "sha256:067a74454df670dcaa4e59349a2e5c81e567d8d65458d480a5b3dfecec08c5ff",
                "sha256:0fb71b8c643187d7492c1f8352f2c15b4c4af3f6338f21681d3681b3dc31a266",
                "sha256:1b3ead4a96c9101bef08f9f7d1217c096f31667617b58de957f690c92378b528",
                "sha256:2068531575a125b87a41802130fa7e29f26c09a2833fea68d9a40cf33902eba6",
                "sha256:209596a4ec71d990d71d5e0d312ac935d86930e6eecff6ccc7007fe54d703808",
                "sha256:2c726c276d09fc5c414693a2de063f521052d9ea7c240ce553316f70656c84d4",
                "sha256:398e44cd480f4d2b7ee8d98385ca104e35c81525dd98c519acff1b79bdaac363",
                "sha256:52b1eb8c83f178ab787f3a4283f68258525f8d70f778a2f6dd54d3b5e5fb4341",
                "sha256:5feca99c17af94057417d744607b82dd0a664fd5e4ca98061480fd8b14b18d04",
                "sha256:7538e495704e2ccda9b234b82423a4038f324f3a10c43bc088a1636180f11a41",
                "sha256:760ad187b1041a154f0e4d0f6aae3e40fdb51d6de16e5c99aedadd9246450e9e",
                "sha256:777a26c84bea6cd934422ac2e3b78863a37017618b6e5c08f92ef69853e765d3",
                "sha256:95431a26309a21874005845c21118c83991c63ea800dd44843e42a916aec5899",
                "sha256:9ad2c92ec681e02baf81fdfa056fe0d818645efa9af1f1cd5fd6f1bd2bdfd805",
                "sha256:9c6d1a54552b5330bc657b7ef0eae25d00ba7ffe85d9ea8ae6540d2197a3788c",
                "sha256:aee0c1256be6c07bd3e1263ff920c325b59849dc95392a05f258bb9b259cf39c",
                "sha256:af3d4a73793725138d6b334d9d247ce7e5f084d96284ed23f22ee626a7b88e39",
                "sha256:b36b4f3920103a25e1d5d024d155c504080959582b928e91cb608a65c3a49e1a",
                "sha256:b9574c6f03f685070d859e75c7f9eeca02d6933273b5e69572e5ff9d5e3931c3",
                "sha256:bff6ad71c81b3bba8fa35f0f1921fb24ff4476235a6e94a26ada2e54370e6da7",
                "sha256:c190f0899e9f9f8b6b7863debfb739abcb21a5c054f911ca3596d12b8a4c4c7f",
                "sha256:c907f561b1e83e93fad565bac5ba9c22d96a54e7ea0267c708bffe863cbe4075",
                "sha256:cae53c389825d3b46fb37538441f75d6aecc4174f615d048321b716df2757fb0",
                "sha256:dd4a21253f42b8d2b48410cb31fe501d32f8b9fbeb1f55063ad102fe9c425e40",
                "sha256:dde816ca9dac1d9c01dd504ea5967821606f02e510438120091b84e852367428",
                "sha256:f2362f3cb0f3172c42938946dbc5b7843c2a28aec307c49100c8b38764eb6927",
                "sha256:f328adcfebed9f11301eaedfa48e15bdece9b519fb27e6a8c01aa52a17ec31b3",
                "sha256:f8afcf15cc511ada719a88e013cec87c11aff7b91f019295eb4530f96fe5ef2f",
                "sha256:fb1bbeac803adea29cedd70781399c99138358c26d05fcbd23c13016b7f5ec65"
            ],
            "version": "==1.4.3"
        },
        "typing-extensions": {
            "hashes": [
                "sha256:0ac0f89795dd19de6b97debb0c6af1c70987fd80a2d62d1958f7e56fcc31b497",
                "sha256:50b6f157849174217d0656f99dc82fe932884fb250826c18350e159ec6cdf342",
                "sha256:779383f6086d90c99ae41cf0ff39aac8a7937a9283ce0a414e5dd782f4c94a84"
            ],
            "version": "==3.10.0.0"
        }
    }
}
