dependencies:
- name: layer0-describo
  repository: file://../layer0_describo
  version: 0.2.8
- name: layer0-web
  repository: file://../layer0_web
  version: 0.3.2
- name: layer0-helper-describo-token-updater
  repository: file://../layer0_helper_describo_token_updater
  version: 0.2.0
- name: layer1-port-openscienceframework
  repository: file://../layer1_port_openscienceframework
  version: 0.2.3
- name: layer1-port-zenodo
  repository: file://../layer1_port_zenodo
  version: 0.2.2
- name: layer1-port-owncloud
  repository: file://../layer1_port_owncloud
  version: 0.3.2
- name: layer1-port-reva
  repository: file://../layer1_port_reva
  version: 0.2.0
- name: layer2-exporter-service
  repository: file://../layer2_exporter_service
  version: 0.2.3
- name: layer2-port-service
  repository: file://../layer2_port_service
  version: 0.2.5
- name: layer2-metadata-service
  repository: file://../layer2_metadata_service
  version: 0.2.3
- name: layer3-token-storage
  repository: file://../layer3_token_storage
  version: 0.3.0
- name: layer3-research-manager
  repository: file://../layer3_research_manager
  version: 0.3.3
- name: jaeger
  repository: file://../jaeger
  version: 0.34.0
- name: redis-cluster
  repository: file://../redis-cluster
  version: 7.6.4
- name: redis
  repository: file://../redis
  version: 16.13.2
digest: sha256:0b3fbc2779a5c4e6aff4f341269fc7bb2c109b895ed50c8593bab6131a187b71
generated: "2022-10-24T17:18:20.414965528+02:00"
