dependencies:
- name: layer0-describo
  repository: file://../layer0_describo
  version: 0.2.4
- name: layer0-web
  repository: file://../layer0_web
  version: 0.3.2
- name: layer0-helper-describo-token-updater
  repository: file://../layer0_helper_describo_token_updater
  version: 0.2.0
- name: layer1-port-openscienceframework
  repository: file://../layer1_port_openscienceframework
  version: 0.2.3
- name: layer1-port-zenodo
  repository: file://../layer1_port_zenodo
  version: 0.2.2
- name: layer1-port-owncloud
  repository: file://../layer1_port_owncloud
  version: 0.3.1
- name: layer1-port-reva
  repository: file://../layer1_port_reva
  version: 0.2.0
- name: layer2-exporter-service
  repository: file://../layer2_exporter_service
  version: 0.2.3
- name: layer2-port-service
  repository: file://../layer2_port_service
  version: 0.2.5
- name: layer2-metadata-service
  repository: file://../layer2_metadata_service
  version: 0.2.3
- name: layer3-token-storage
  repository: file://../layer3_token_storage
  version: 0.3.0
- name: layer3-research-manager
  repository: file://../layer3_research_manager
  version: 0.3.3
- name: jaeger
  repository: https://jaegertracing.github.io/helm-charts
  version: 0.34.1
- name: redis-cluster
  repository: https://charts.bitnami.com/bitnami
  version: 7.6.1
- name: redis
  repository: https://charts.bitnami.com/bitnami
  version: 16.10.1
digest: sha256:92f6f7590f4018f1c2c25c8639d147240c68f8000ca24c47415f841a164d6c40
generated: "2022-06-03T10:18:57.008875636+02:00"
