dependencies:
- name: layer0-describo
  repository: file://../layer0_describo
  version: 0.1.37
- name: layer0-web
  repository: file://../layer0_web
  version: 0.1.34
- name: layer0-helper-describo-token-updater
  repository: file://../layer0_helper_describo_token_updater
  version: 0.1.6
- name: layer1-port-openscienceframework
  repository: file://../layer1_port_openscienceframework
  version: 0.2.3
- name: layer1-port-zenodo
  repository: file://../layer1_port_zenodo
  version: 0.2.2
- name: layer1-port-owncloud
  repository: file://../layer1_port_owncloud
  version: 0.2.2
- name: layer1-port-reva
  repository: file://../layer1_port_reva
  version: 0.1.5
- name: layer2-exporter-service
  repository: file://../layer2_exporter_service
  version: 0.2.2
- name: layer2-port-service
  repository: file://../layer2_port_service
  version: 0.2.4
- name: layer2-metadata-service
  repository: file://../layer2_metadata_service
  version: 0.2.2
- name: layer3-token-storage
  repository: file://../layer3_token_storage
  version: 0.2.7
- name: layer3-research-manager
  repository: file://../layer3_research_manager
  version: 0.3.2
- name: jaeger
  repository: https://jaegertracing.github.io/helm-charts
  version: 0.34.1
- name: redis-cluster
  repository: https://charts.bitnami.com/bitnami
  version: 3.3.1
- name: redis
  repository: https://charts.bitnami.com/bitnami
  version: 14.8.11
digest: sha256:74db33b0e7b05f7b6822310630412e1f43dd24ccf003e867f22e368a8d820b0f
generated: "2022-01-06T13:26:06.3940943+01:00"
