dependencies:
- name: layer0-describo
  repository: file://../layer0_describo
  version: 0.1.27
- name: postgresql
  repository: https://charts.bitnami.com/bitnami
  version: 10.13.14
- name: layer0-web
  repository: file://../layer0_web
  version: 0.1.31
- name: layer0-helper-describo-token-updater
  repository: file://../layer0_helper_describo_token_updater
  version: 0.1.5
- name: circle1-port-openscienceframework
  repository: file://../circle1_port_openscienceframework
  version: 0.2.3
- name: circle1-port-zenodo
  repository: file://../circle1_port_zenodo
  version: 0.2.2
- name: circle1-port-owncloud
  repository: file://../circle1_port_owncloud
  version: 0.2.2
- name: circle1-port-datasafe
  repository: file://../circle1_port_datasafe
  version: 0.2.2
- name: circle1-port-reva
  repository: file://../circle1_port_reva
  version: 0.1.5
- name: circle2-exporter-service
  repository: file://../circle2_exporter_service
  version: 0.2.2
- name: circle2-port-service
  repository: file://../circle2_port_service
  version: 0.2.4
- name: circle2-metadata-service
  repository: file://../circle2_metadata_service
  version: 0.2.2
- name: circle3-token-storage
  repository: file://../circle3_token_storage
  version: 0.2.7
- name: circle3-research-manager
  repository: file://../circle3_research_manager
  version: 0.3.2
- name: jaeger
  repository: https://jaegertracing.github.io/helm-charts
  version: 0.34.1
- name: redis-cluster
  repository: https://charts.bitnami.com/bitnami
  version: 3.3.1
- name: redis
  repository: https://charts.bitnami.com/bitnami
  version: 14.8.11
digest: sha256:d5bd3cb7eb26c97e765c64b8a131115e3251ff27de83860a9b233da4c987c196
generated: "2021-12-20T17:22:03.9972466+01:00"
